
Microsoft Visual Studio Solution File, Format Version 12.00
# Visual Studio Version 16
VisualStudioVersion = 16.0.31025.194
MinimumVisualStudioVersion = 10.0.40219.1
Project("{8BC9CEB8-8B4A-11D0-8D11-00A0C91BC942}") = "BT42_07092022", "BT42_07092022\BT42_07092022.vcxproj", "{02A59607-DBD5-44A8-89AF-01DF9E4FDC6A}"
EndProject
Global
	GlobalSection(SolutionConfigurationPlatforms) = preSolution
		Debug|x64 = Debug|x64
		Debug|x86 = Debug|x86
		Release|x64 = Release|x64
		Release|x86 = Release|x86
	EndGlobalSection
	GlobalSection(ProjectConfigurationPlatforms) = postSolution
		{02A59607-DBD5-44A8-89AF-01DF9E4FDC6A}.Debug|x64.ActiveCfg = Debug|x64
		{02A59607-DBD5-44A8-89AF-01DF9E4FDC6A}.Debug|x64.Build.0 = Debug|x64
		{02A59607-DBD5-44A8-89AF-01DF9E4FDC6A}.Debug|x86.ActiveCfg = Debug|Win32
		{02A59607-DBD5-44A8-89AF-01DF9E4FDC6A}.Debug|x86.Build.0 = Debug|Win32
		{02A59607-DBD5-44A8-89AF-01DF9E4FDC6A}.Release|x64.ActiveCfg = Release|x64
		{02A59607-DBD5-44A8-89AF-01DF9E4FDC6A}.Release|x64.Build.0 = Release|x64
		{02A59607-DBD5-44A8-89AF-01DF9E4FDC6A}.Release|x86.ActiveCfg = Release|Win32
		{02A59607-DBD5-44A8-89AF-01DF9E4FDC6A}.Release|x86.Build.0 = Release|Win32
	EndGlobalSection
	GlobalSection(SolutionProperties) = preSolution
		HideSolutionNode = FALSE
	EndGlobalSection
	GlobalSection(ExtensibilityGlobals) = postSolution
		SolutionGuid = {B257248A-A61E-4B8E-ABBD-47CDF6601946}
	EndGlobalSection
EndGlobal
