
Microsoft Visual Studio Solution File, Format Version 12.00
# Visual Studio Version 16
VisualStudioVersion = 16.0.31025.194
MinimumVisualStudioVersion = 10.0.40219.1
Project("{8BC9CEB8-8B4A-11D0-8D11-00A0C91BC942}") = "BT45_07092022", "BT45_07092022\BT45_07092022.vcxproj", "{B973A685-BAB5-4C1D-B82D-C71619B77FC0}"
EndProject
Global
	GlobalSection(SolutionConfigurationPlatforms) = preSolution
		Debug|x64 = Debug|x64
		Debug|x86 = Debug|x86
		Release|x64 = Release|x64
		Release|x86 = Release|x86
	EndGlobalSection
	GlobalSection(ProjectConfigurationPlatforms) = postSolution
		{B973A685-BAB5-4C1D-B82D-C71619B77FC0}.Debug|x64.ActiveCfg = Debug|x64
		{B973A685-BAB5-4C1D-B82D-C71619B77FC0}.Debug|x64.Build.0 = Debug|x64
		{B973A685-BAB5-4C1D-B82D-C71619B77FC0}.Debug|x86.ActiveCfg = Debug|Win32
		{B973A685-BAB5-4C1D-B82D-C71619B77FC0}.Debug|x86.Build.0 = Debug|Win32
		{B973A685-BAB5-4C1D-B82D-C71619B77FC0}.Release|x64.ActiveCfg = Release|x64
		{B973A685-BAB5-4C1D-B82D-C71619B77FC0}.Release|x64.Build.0 = Release|x64
		{B973A685-BAB5-4C1D-B82D-C71619B77FC0}.Release|x86.ActiveCfg = Release|Win32
		{B973A685-BAB5-4C1D-B82D-C71619B77FC0}.Release|x86.Build.0 = Release|Win32
	EndGlobalSection
	GlobalSection(SolutionProperties) = preSolution
		HideSolutionNode = FALSE
	EndGlobalSection
	GlobalSection(ExtensibilityGlobals) = postSolution
		SolutionGuid = {12E0FC7A-8118-411A-A621-423C686CB3B8}
	EndGlobalSection
EndGlobal
