
Microsoft Visual Studio Solution File, Format Version 12.00
# Visual Studio Version 16
VisualStudioVersion = 16.0.31025.194
MinimumVisualStudioVersion = 10.0.40219.1
Project("{8BC9CEB8-8B4A-11D0-8D11-00A0C91BC942}") = "TH1_24082022", "TH1_24082022\TH1_24082022.vcxproj", "{AE18A064-3150-48DA-9FF2-695849548A5D}"
EndProject
Global
	GlobalSection(SolutionConfigurationPlatforms) = preSolution
		Debug|x64 = Debug|x64
		Debug|x86 = Debug|x86
		Release|x64 = Release|x64
		Release|x86 = Release|x86
	EndGlobalSection
	GlobalSection(ProjectConfigurationPlatforms) = postSolution
		{AE18A064-3150-48DA-9FF2-695849548A5D}.Debug|x64.ActiveCfg = Debug|x64
		{AE18A064-3150-48DA-9FF2-695849548A5D}.Debug|x64.Build.0 = Debug|x64
		{AE18A064-3150-48DA-9FF2-695849548A5D}.Debug|x86.ActiveCfg = Debug|Win32
		{AE18A064-3150-48DA-9FF2-695849548A5D}.Debug|x86.Build.0 = Debug|Win32
		{AE18A064-3150-48DA-9FF2-695849548A5D}.Release|x64.ActiveCfg = Release|x64
		{AE18A064-3150-48DA-9FF2-695849548A5D}.Release|x64.Build.0 = Release|x64
		{AE18A064-3150-48DA-9FF2-695849548A5D}.Release|x86.ActiveCfg = Release|Win32
		{AE18A064-3150-48DA-9FF2-695849548A5D}.Release|x86.Build.0 = Release|Win32
	EndGlobalSection
	GlobalSection(SolutionProperties) = preSolution
		HideSolutionNode = FALSE
	EndGlobalSection
	GlobalSection(ExtensibilityGlobals) = postSolution
		SolutionGuid = {432C1CEE-D423-46AE-8CBE-B2575715A70D}
	EndGlobalSection
EndGlobal
